
Microsoft Visual Studio Solution File, Format Version 12.00
# Visual Studio Version 17
VisualStudioVersion = 17.10.34928.147
MinimumVisualStudioVersion = 10.0.40219.1
Project("{FAE04EC0-301F-11D3-BF4B-00C04F79EFBC}") = "Email.Api", "Email.Api\Email.Api.csproj", "{4EA8B0AB-C392-4A09-8E67-243CCD69EA7C}"
EndProject
Global
	GlobalSection(SolutionConfigurationPlatforms) = preSolution
		Debug|Any CPU = Debug|Any CPU
		Release|Any CPU = Release|Any CPU
	EndGlobalSection
	GlobalSection(ProjectConfigurationPlatforms) = postSolution
		{4EA8B0AB-C392-4A09-8E67-243CCD69EA7C}.Debug|Any CPU.ActiveCfg = Debug|Any CPU
		{4EA8B0AB-C392-4A09-8E67-243CCD69EA7C}.Debug|Any CPU.Build.0 = Debug|Any CPU
		{4EA8B0AB-C392-4A09-8E67-243CCD69EA7C}.Release|Any CPU.ActiveCfg = Release|Any CPU
		{4EA8B0AB-C392-4A09-8E67-243CCD69EA7C}.Release|Any CPU.Build.0 = Release|Any CPU
	EndGlobalSection
	GlobalSection(SolutionProperties) = preSolution
		HideSolutionNode = FALSE
	EndGlobalSection
	GlobalSection(ExtensibilityGlobals) = postSolution
		SolutionGuid = {9E1864E7-B436-495B-82FA-B211A40812F0}
	EndGlobalSection
EndGlobal
